
Microsoft Visual Studio Solution File, Format Version 12.00
# Visual Studio 15
VisualStudioVersion = 15.0.28307.1340
MinimumVisualStudioVersion = 10.0.40219.1
Project("{FAE04EC0-301F-11D3-BF4B-00C04F79EFBC}") = "real-estate", "real-estate\real-estate.csproj", "{44199AFA-1FED-4C7D-B4DF-373FB7C1B5F5}"
EndProject
Global
	GlobalSection(SolutionConfigurationPlatforms) = preSolution
		Debug|Any CPU = Debug|Any CPU
		Release|Any CPU = Release|Any CPU
	EndGlobalSection
	GlobalSection(ProjectConfigurationPlatforms) = postSolution
		{44199AFA-1FED-4C7D-B4DF-373FB7C1B5F5}.Debug|Any CPU.ActiveCfg = Debug|Any CPU
		{44199AFA-1FED-4C7D-B4DF-373FB7C1B5F5}.Debug|Any CPU.Build.0 = Debug|Any CPU
		{44199AFA-1FED-4C7D-B4DF-373FB7C1B5F5}.Release|Any CPU.ActiveCfg = Release|Any CPU
		{44199AFA-1FED-4C7D-B4DF-373FB7C1B5F5}.Release|Any CPU.Build.0 = Release|Any CPU
	EndGlobalSection
	GlobalSection(SolutionProperties) = preSolution
		HideSolutionNode = FALSE
	EndGlobalSection
	GlobalSection(ExtensibilityGlobals) = postSolution
		SolutionGuid = {3DF26381-FF7E-45F3-8F56-B7B37BE10EA8}
	EndGlobalSection
EndGlobal
